dependencies:
  espressif/mdns:
    component_hash: 46ee81d32fbf850462d8af1e83303389602f6a6a9eddd2a55104cb4c063858ed
    source:
      service_url: https://api.components.espressif.com/
      type: service
    version: 1.1.0
  idf:
    component_hash: null
    source:
      type: idf
    version: 5.1.0
manifest_hash: f835aabd7118e748bb71b9e91dd3bc8121f639a5203805c61f1154d7a71a258c
target: esp32
version: 1.0.0
